
Microsoft Visual Studio Solution File, Format Version 12.00
# Visual Studio Version 17
VisualStudioVersion = 17.1.32407.343
MinimumVisualStudioVersion = 10.0.40219.1
Project("{FAE04EC0-301F-11D3-BF4B-00C04F79EFBC}") = "Repaso2_2doParcial", "Repaso2_2doParcial.csproj", "{30951397-1FF9-4712-987B-90B628DD3188}"
EndProject
Global
	GlobalSection(SolutionConfigurationPlatforms) = preSolution
		Debug|Any CPU = Debug|Any CPU
		Release|Any CPU = Release|Any CPU
	EndGlobalSection
	GlobalSection(ProjectConfigurationPlatforms) = postSolution
		{30951397-1FF9-4712-987B-90B628DD3188}.Debug|Any CPU.ActiveCfg = Debug|Any CPU
		{30951397-1FF9-4712-987B-90B628DD3188}.Debug|Any CPU.Build.0 = Debug|Any CPU
		{30951397-1FF9-4712-987B-90B628DD3188}.Release|Any CPU.ActiveCfg = Release|Any CPU
		{30951397-1FF9-4712-987B-90B628DD3188}.Release|Any CPU.Build.0 = Release|Any CPU
	EndGlobalSection
	GlobalSection(SolutionProperties) = preSolution
		HideSolutionNode = FALSE
	EndGlobalSection
	GlobalSection(ExtensibilityGlobals) = postSolution
		SolutionGuid = {F12160DE-8AAD-4BCC-869E-F46485B07F96}
	EndGlobalSection
EndGlobal
